Microsoft Visual Studio Solution File, Format Version 12.00
# Visual Studio Version 17
VisualStudioVersion = 17.5.2.0
MinimumVisualStudioVersion = 10.0.40219.1

Global
	GlobalSection(SolutionConfigurationPlatforms) = preSolution
		Debug|Any CPU = Debug|Any CPU
		Release|Any CPU = Release|Any CPU
	EndGlobalSection
	GlobalSection(ProjectConfigurationPlatforms) = postSolution
		{69716690-F6B7-ADBB-A6F2-7C49E73129EA}.Debug|Any CPU.ActiveCfg = Debug|Any CPU
		{69716690-F6B7-ADBB-A6F2-7C49E73129EA}.Debug|Any CPU.Build.0 = Debug|Any CPU
		{69716690-F6B7-ADBB-A6F2-7C49E73129EA}.Release|Any CPU.ActiveCfg = Release|Any CPU
		{69716690-F6B7-ADBB-A6F2-7C49E73129EA}.Release|Any CPU.Build.0 = Release|Any CPU
	EndGlobalSection
	GlobalSection(SolutionProperties) = preSolution
		HideSolutionNode = FALSE
	EndGlobalSection
	GlobalSection(ExtensibilityGlobals) = postSolution
		SolutionGuid = {A9FAE133-7571-48AC-B567-CEAD5FBACDAE}
	EndGlobalSection
EndGlobal
